
Microsoft Visual Studio Solution File, Format Version 12.00
# Visual Studio Version 17
VisualStudioVersion = 17.0.31903.59
MinimumVisualStudioVersion = 10.0.40219.1
Project("{9A19103F-16F7-4668-BE54-9A1E7A4F7556}") = "WebApi", "WebApi\WebApi.csproj", "{A1B2C3D4-E5F6-7890-ABCD-EF1234567890}"
EndProject
Project("{9A19103F-16F7-4668-BE54-9A1E7A4F7556}") = "Application", "Application\Application.csproj", "{CC0F5897-B279-4E6E-BC4E-D45D46A130D8}"
EndProject
Project("{9A19103F-16F7-4668-BE54-9A1E7A4F7556}") = "Application.Contracts", "Application.Contracts\Application.Contracts.csproj", "{385B8FF6-54D9-4A91-BE2F-641D79A552F9}"
EndProject
Project("{9A19103F-16F7-4668-BE54-9A1E7A4F7556}") = "Domain", "Domain\Domain.csproj", "{50950530-A4E7-4D4B-8B15-4A2EC209F835}"
EndProject
Project("{9A19103F-16F7-4668-BE54-9A1E7A4F7556}") = "Domain.Shared", "Domain.Shared\Domain.Shared.csproj", "{D242621F-C4E6-437F-8861-B67FB91B3C6A}"
EndProject
Project("{9A19103F-16F7-4668-BE54-9A1E7A4F7556}") = "Infrastructure", "Infrastructure\Infrastructure.csproj", "{5471423A-3897-4FB6-A743-783FBF2C400C}"
EndProject
Project("{9A19103F-16F7-4668-BE54-9A1E7A4F7556}") = "SqlSugarDB", "SqlSugarDB\SqlSugarDB.csproj", "{CDA2A5D1-A933-4EF5-B9BB-55E9754DA7F7}"
EndProject
Project("{2150E333-8FDC-42A3-9474-1A3956D46DE8}") = "Tests", "Tests", "{F35127C5-EC13-491E-9FAA-F9247D5748A0}"
EndProject
Project("{2150E333-8FDC-42A3-9474-1A3956D46DE8}") = "Docs", "Docs", "{4D822FA6-AE86-42AE-AFAB-DC16658873D6}"
	ProjectSection(SolutionItems) = preProject
		Docs\flowflex.sql = Docs\flowflex.sql
		Docs\README.md = Docs\README.md
	EndProjectSection
EndProject
Project("{FAE04EC0-301F-11D3-BF4B-00C04F79EFBC}") = "FlowFlex.Tests", "Tests\FlowFlex.Tests\FlowFlex.Tests.csproj", "{15322461-E260-4700-B8F3-9227D2723420}"
EndProject
Global
	GlobalSection(SolutionConfigurationPlatforms) = preSolution
		Debug|Any CPU = Debug|Any CPU
		Debug|x64 = Debug|x64
		Debug|x86 = Debug|x86
		Release|Any CPU = Release|Any CPU
		Release|x64 = Release|x64
		Release|x86 = Release|x86
	EndGlobalSection
	GlobalSection(ProjectConfigurationPlatforms) = postSolution
		{A1B2C3D4-E5F6-7890-ABCD-EF1234567890}.Debug|Any CPU.ActiveCfg = Debug|Any CPU
		{A1B2C3D4-E5F6-7890-ABCD-EF1234567890}.Debug|Any CPU.Build.0 = Debug|Any CPU
		{A1B2C3D4-E5F6-7890-ABCD-EF1234567890}.Debug|x64.ActiveCfg = Debug|Any CPU
		{A1B2C3D4-E5F6-7890-ABCD-EF1234567890}.Debug|x64.Build.0 = Debug|Any CPU
		{A1B2C3D4-E5F6-7890-ABCD-EF1234567890}.Debug|x86.ActiveCfg = Debug|Any CPU
		{A1B2C3D4-E5F6-7890-ABCD-EF1234567890}.Debug|x86.Build.0 = Debug|Any CPU
		{A1B2C3D4-E5F6-7890-ABCD-EF1234567890}.Release|Any CPU.ActiveCfg = Release|Any CPU
		{A1B2C3D4-E5F6-7890-ABCD-EF1234567890}.Release|Any CPU.Build.0 = Release|Any CPU
		{A1B2C3D4-E5F6-7890-ABCD-EF1234567890}.Release|x64.ActiveCfg = Release|Any CPU
		{A1B2C3D4-E5F6-7890-ABCD-EF1234567890}.Release|x64.Build.0 = Release|Any CPU
		{A1B2C3D4-E5F6-7890-ABCD-EF1234567890}.Release|x86.ActiveCfg = Release|Any CPU
		{A1B2C3D4-E5F6-7890-ABCD-EF1234567890}.Release|x86.Build.0 = Release|Any CPU
		{CC0F5897-B279-4E6E-BC4E-D45D46A130D8}.Debug|Any CPU.ActiveCfg = Debug|Any CPU
		{CC0F5897-B279-4E6E-BC4E-D45D46A130D8}.Debug|Any CPU.Build.0 = Debug|Any CPU
		{CC0F5897-B279-4E6E-BC4E-D45D46A130D8}.Debug|x64.ActiveCfg = Debug|Any CPU
		{CC0F5897-B279-4E6E-BC4E-D45D46A130D8}.Debug|x64.Build.0 = Debug|Any CPU
		{CC0F5897-B279-4E6E-BC4E-D45D46A130D8}.Debug|x86.ActiveCfg = Debug|Any CPU
		{CC0F5897-B279-4E6E-BC4E-D45D46A130D8}.Debug|x86.Build.0 = Debug|Any CPU
		{CC0F5897-B279-4E6E-BC4E-D45D46A130D8}.Release|Any CPU.ActiveCfg = Release|Any CPU
		{CC0F5897-B279-4E6E-BC4E-D45D46A130D8}.Release|Any CPU.Build.0 = Release|Any CPU
		{CC0F5897-B279-4E6E-BC4E-D45D46A130D8}.Release|x64.ActiveCfg = Release|Any CPU
		{CC0F5897-B279-4E6E-BC4E-D45D46A130D8}.Release|x64.Build.0 = Release|Any CPU
		{CC0F5897-B279-4E6E-BC4E-D45D46A130D8}.Release|x86.ActiveCfg = Release|Any CPU
		{CC0F5897-B279-4E6E-BC4E-D45D46A130D8}.Release|x86.Build.0 = Release|Any CPU
		{385B8FF6-54D9-4A91-BE2F-641D79A552F9}.Debug|Any CPU.ActiveCfg = Debug|Any CPU
		{385B8FF6-54D9-4A91-BE2F-641D79A552F9}.Debug|Any CPU.Build.0 = Debug|Any CPU
		{385B8FF6-54D9-4A91-BE2F-641D79A552F9}.Debug|x64.ActiveCfg = Debug|Any CPU
		{385B8FF6-54D9-4A91-BE2F-641D79A552F9}.Debug|x64.Build.0 = Debug|Any CPU
		{385B8FF6-54D9-4A91-BE2F-641D79A552F9}.Debug|x86.ActiveCfg = Debug|Any CPU
		{385B8FF6-54D9-4A91-BE2F-641D79A552F9}.Debug|x86.Build.0 = Debug|Any CPU
		{385B8FF6-54D9-4A91-BE2F-641D79A552F9}.Release|Any CPU.ActiveCfg = Release|Any CPU
		{385B8FF6-54D9-4A91-BE2F-641D79A552F9}.Release|Any CPU.Build.0 = Release|Any CPU
		{385B8FF6-54D9-4A91-BE2F-641D79A552F9}.Release|x64.ActiveCfg = Release|Any CPU
		{385B8FF6-54D9-4A91-BE2F-641D79A552F9}.Release|x64.Build.0 = Release|Any CPU
		{385B8FF6-54D9-4A91-BE2F-641D79A552F9}.Release|x86.ActiveCfg = Release|Any CPU
		{385B8FF6-54D9-4A91-BE2F-641D79A552F9}.Release|x86.Build.0 = Release|Any CPU
		{50950530-A4E7-4D4B-8B15-4A2EC209F835}.Debug|Any CPU.ActiveCfg = Debug|Any CPU
		{50950530-A4E7-4D4B-8B15-4A2EC209F835}.Debug|Any CPU.Build.0 = Debug|Any CPU
		{50950530-A4E7-4D4B-8B15-4A2EC209F835}.Debug|x64.ActiveCfg = Debug|Any CPU
		{50950530-A4E7-4D4B-8B15-4A2EC209F835}.Debug|x64.Build.0 = Debug|Any CPU
		{50950530-A4E7-4D4B-8B15-4A2EC209F835}.Debug|x86.ActiveCfg = Debug|Any CPU
		{50950530-A4E7-4D4B-8B15-4A2EC209F835}.Debug|x86.Build.0 = Debug|Any CPU
		{50950530-A4E7-4D4B-8B15-4A2EC209F835}.Release|Any CPU.ActiveCfg = Release|Any CPU
		{50950530-A4E7-4D4B-8B15-4A2EC209F835}.Release|Any CPU.Build.0 = Release|Any CPU
		{50950530-A4E7-4D4B-8B15-4A2EC209F835}.Release|x64.ActiveCfg = Release|Any CPU
		{50950530-A4E7-4D4B-8B15-4A2EC209F835}.Release|x64.Build.0 = Release|Any CPU
		{50950530-A4E7-4D4B-8B15-4A2EC209F835}.Release|x86.ActiveCfg = Release|Any CPU
		{50950530-A4E7-4D4B-8B15-4A2EC209F835}.Release|x86.Build.0 = Release|Any CPU
		{D242621F-C4E6-437F-8861-B67FB91B3C6A}.Debug|Any CPU.ActiveCfg = Debug|Any CPU
		{D242621F-C4E6-437F-8861-B67FB91B3C6A}.Debug|Any CPU.Build.0 = Debug|Any CPU
		{D242621F-C4E6-437F-8861-B67FB91B3C6A}.Debug|x64.ActiveCfg = Debug|Any CPU
		{D242621F-C4E6-437F-8861-B67FB91B3C6A}.Debug|x64.Build.0 = Debug|Any CPU
		{D242621F-C4E6-437F-8861-B67FB91B3C6A}.Debug|x86.ActiveCfg = Debug|Any CPU
		{D242621F-C4E6-437F-8861-B67FB91B3C6A}.Debug|x86.Build.0 = Debug|Any CPU
		{D242621F-C4E6-437F-8861-B67FB91B3C6A}.Release|Any CPU.ActiveCfg = Release|Any CPU
		{D242621F-C4E6-437F-8861-B67FB91B3C6A}.Release|Any CPU.Build.0 = Release|Any CPU
		{D242621F-C4E6-437F-8861-B67FB91B3C6A}.Release|x64.ActiveCfg = Release|Any CPU
		{D242621F-C4E6-437F-8861-B67FB91B3C6A}.Release|x64.Build.0 = Release|Any CPU
		{D242621F-C4E6-437F-8861-B67FB91B3C6A}.Release|x86.ActiveCfg = Release|Any CPU
		{D242621F-C4E6-437F-8861-B67FB91B3C6A}.Release|x86.Build.0 = Release|Any CPU
		{5471423A-3897-4FB6-A743-783FBF2C400C}.Debug|Any CPU.ActiveCfg = Debug|Any CPU
		{5471423A-3897-4FB6-A743-783FBF2C400C}.Debug|Any CPU.Build.0 = Debug|Any CPU
		{5471423A-3897-4FB6-A743-783FBF2C400C}.Debug|x64.ActiveCfg = Debug|Any CPU
		{5471423A-3897-4FB6-A743-783FBF2C400C}.Debug|x64.Build.0 = Debug|Any CPU
		{5471423A-3897-4FB6-A743-783FBF2C400C}.Debug|x86.ActiveCfg = Debug|Any CPU
		{5471423A-3897-4FB6-A743-783FBF2C400C}.Debug|x86.Build.0 = Debug|Any CPU
		{5471423A-3897-4FB6-A743-783FBF2C400C}.Release|Any CPU.ActiveCfg = Release|Any CPU
		{5471423A-3897-4FB6-A743-783FBF2C400C}.Release|Any CPU.Build.0 = Release|Any CPU
		{5471423A-3897-4FB6-A743-783FBF2C400C}.Release|x64.ActiveCfg = Release|Any CPU
		{5471423A-3897-4FB6-A743-783FBF2C400C}.Release|x64.Build.0 = Release|Any CPU
		{5471423A-3897-4FB6-A743-783FBF2C400C}.Release|x86.ActiveCfg = Release|Any CPU
		{5471423A-3897-4FB6-A743-783FBF2C400C}.Release|x86.Build.0 = Release|Any CPU
		{CDA2A5D1-A933-4EF5-B9BB-55E9754DA7F7}.Debug|Any CPU.ActiveCfg = Debug|Any CPU
		{CDA2A5D1-A933-4EF5-B9BB-55E9754DA7F7}.Debug|Any CPU.Build.0 = Debug|Any CPU
		{CDA2A5D1-A933-4EF5-B9BB-55E9754DA7F7}.Debug|x64.ActiveCfg = Debug|Any CPU
		{CDA2A5D1-A933-4EF5-B9BB-55E9754DA7F7}.Debug|x64.Build.0 = Debug|Any CPU
		{CDA2A5D1-A933-4EF5-B9BB-55E9754DA7F7}.Debug|x86.ActiveCfg = Debug|Any CPU
		{CDA2A5D1-A933-4EF5-B9BB-55E9754DA7F7}.Debug|x86.Build.0 = Debug|Any CPU
		{CDA2A5D1-A933-4EF5-B9BB-55E9754DA7F7}.Release|Any CPU.ActiveCfg = Release|Any CPU
		{CDA2A5D1-A933-4EF5-B9BB-55E9754DA7F7}.Release|Any CPU.Build.0 = Release|Any CPU
		{CDA2A5D1-A933-4EF5-B9BB-55E9754DA7F7}.Release|x64.ActiveCfg = Release|Any CPU
		{CDA2A5D1-A933-4EF5-B9BB-55E9754DA7F7}.Release|x64.Build.0 = Release|Any CPU
		{CDA2A5D1-A933-4EF5-B9BB-55E9754DA7F7}.Release|x86.ActiveCfg = Release|Any CPU
		{CDA2A5D1-A933-4EF5-B9BB-55E9754DA7F7}.Release|x86.Build.0 = Release|Any CPU
		{15322461-E260-4700-B8F3-9227D2723420}.Debug|Any CPU.ActiveCfg = Debug|Any CPU
		{15322461-E260-4700-B8F3-9227D2723420}.Debug|Any CPU.Build.0 = Debug|Any CPU
		{15322461-E260-4700-B8F3-9227D2723420}.Debug|x64.ActiveCfg = Debug|Any CPU
		{15322461-E260-4700-B8F3-9227D2723420}.Debug|x64.Build.0 = Debug|Any CPU
		{15322461-E260-4700-B8F3-9227D2723420}.Debug|x86.ActiveCfg = Debug|Any CPU
		{15322461-E260-4700-B8F3-9227D2723420}.Debug|x86.Build.0 = Debug|Any CPU
		{15322461-E260-4700-B8F3-9227D2723420}.Release|Any CPU.ActiveCfg = Release|Any CPU
		{15322461-E260-4700-B8F3-9227D2723420}.Release|Any CPU.Build.0 = Release|Any CPU
		{15322461-E260-4700-B8F3-9227D2723420}.Release|x64.ActiveCfg = Release|Any CPU
		{15322461-E260-4700-B8F3-9227D2723420}.Release|x64.Build.0 = Release|Any CPU
		{15322461-E260-4700-B8F3-9227D2723420}.Release|x86.ActiveCfg = Release|Any CPU
		{15322461-E260-4700-B8F3-9227D2723420}.Release|x86.Build.0 = Release|Any CPU
	EndGlobalSection
	GlobalSection(SolutionProperties) = preSolution
		HideSolutionNode = FALSE
	EndGlobalSection
	GlobalSection(NestedProjects) = preSolution
		{15322461-E260-4700-B8F3-9227D2723420} = {F35127C5-EC13-491E-9FAA-F9247D5748A0}
	EndGlobalSection
	GlobalSection(ExtensibilityGlobals) = postSolution
		SolutionGuid = {12345678-1234-1234-1234-123456789012}
	EndGlobalSection
EndGlobal
